Microsoft Visual Studio Solution File, Format Version 11.00
# Visual Studio 2008

Project("{7E15091D-10E2-F512-D5DA-11CAD816E9B2}") = "FMOD_Plugin_Testing", "Assembly-CSharp-firstpass.csproj", "{10F5A1DD-4990-24F6-1BD2-C5EF187E87A5}"
EndProject
Project("{7E15091D-10E2-F512-D5DA-11CAD816E9B2}") = "FMOD_Plugin_Testing", "Assembly-CSharp.csproj", "{8ACAE545-FAB0-5DA8-A2B9-1AE39779A07E}"
EndProject
Project("{7E15091D-10E2-F512-D5DA-11CAD816E9B2}") = "FMOD_Plugin_Testing", "Assembly-CSharp-Editor-firstpass.csproj", "{92E9F213-23A8-0D24-FF85-C175A47A5C4B}"
EndProject
Project("{7E15091D-10E2-F512-D5DA-11CAD816E9B2}") = "FMOD_Plugin_Testing", "Assembly-CSharp-Editor.csproj", "{D93B55A7-1A68-EFE9-87C0-290A0365E608}"
EndProject
Global
	GlobalSection(SolutionConfigurationPlatforms) = preSolution
		Debug|Any CPU = Debug|Any CPU
		Release|Any CPU = Release|Any CPU
	EndGlobalSection
	GlobalSection(ProjectConfigurationPlatforms) = postSolution
		{10F5A1DD-4990-24F6-1BD2-C5EF187E87A5}.Debug|Any CPU.ActiveCfg = Debug|Any CPU
		{10F5A1DD-4990-24F6-1BD2-C5EF187E87A5}.Debug|Any CPU.Build.0 = Debug|Any CPU
		{10F5A1DD-4990-24F6-1BD2-C5EF187E87A5}.Release|Any CPU.ActiveCfg = Release|Any CPU
		{10F5A1DD-4990-24F6-1BD2-C5EF187E87A5}.Release|Any CPU.Build.0 = Release|Any CPU
		{8ACAE545-FAB0-5DA8-A2B9-1AE39779A07E}.Debug|Any CPU.ActiveCfg = Debug|Any CPU
		{8ACAE545-FAB0-5DA8-A2B9-1AE39779A07E}.Debug|Any CPU.Build.0 = Debug|Any CPU
		{8ACAE545-FAB0-5DA8-A2B9-1AE39779A07E}.Release|Any CPU.ActiveCfg = Release|Any CPU
		{8ACAE545-FAB0-5DA8-A2B9-1AE39779A07E}.Release|Any CPU.Build.0 = Release|Any CPU
		{92E9F213-23A8-0D24-FF85-C175A47A5C4B}.Debug|Any CPU.ActiveCfg = Debug|Any CPU
		{92E9F213-23A8-0D24-FF85-C175A47A5C4B}.Debug|Any CPU.Build.0 = Debug|Any CPU
		{92E9F213-23A8-0D24-FF85-C175A47A5C4B}.Release|Any CPU.ActiveCfg = Release|Any CPU
		{92E9F213-23A8-0D24-FF85-C175A47A5C4B}.Release|Any CPU.Build.0 = Release|Any CPU
		{D93B55A7-1A68-EFE9-87C0-290A0365E608}.Debug|Any CPU.ActiveCfg = Debug|Any CPU
		{D93B55A7-1A68-EFE9-87C0-290A0365E608}.Debug|Any CPU.Build.0 = Debug|Any CPU
		{D93B55A7-1A68-EFE9-87C0-290A0365E608}.Release|Any CPU.ActiveCfg = Release|Any CPU
		{D93B55A7-1A68-EFE9-87C0-290A0365E608}.Release|Any CPU.Build.0 = Release|Any CPU
	EndGlobalSection
	GlobalSection(SolutionProperties) = preSolution
		HideSolutionNode = FALSE
	EndGlobalSection
	GlobalSection(MonoDevelopProperties) = preSolution
		StartupItem = Assembly-CSharp.csproj
	EndGlobalSection
EndGlobal
