
Microsoft Visual Studio Solution File, Format Version 12.00
# Visual Studio 2015
Project("{FAE04EC0-301F-11D3-BF4B-00C04F79EFBC}") = "FMOD_Plugin_Testing.CSharp.Plugins", "FMOD_Plugin_Testing.CSharp.Plugins.csproj", "{1CCFCCFA-814D-D929-1301-4D19BC77FF14}"
EndProject
Project("{FAE04EC0-301F-11D3-BF4B-00C04F79EFBC}") = "FMOD_Plugin_Testing.CSharp", "FMOD_Plugin_Testing.CSharp.csproj", "{596D5995-C792-9641-E637-B3956E8D7F52}"
EndProject
Project("{FAE04EC0-301F-11D3-BF4B-00C04F79EFBC}") = "FMOD_Plugin_Testing.CSharp.Editor.Plugins", "FMOD_Plugin_Testing.CSharp.Editor.Plugins.csproj", "{BC391EBE-3567-FECC-96C2-6B1A378045B8}"
EndProject
Project("{FAE04EC0-301F-11D3-BF4B-00C04F79EFBC}") = "FMOD_Plugin_Testing.CSharp.Editor", "FMOD_Plugin_Testing.CSharp.Editor.csproj", "{B74893CA-B1DA-CC58-D884-C4A639E3FD1E}"
EndProject
Global
	GlobalSection(SolutionConfigurationPlatforms) = preSolution
		Debug|Any CPU = Debug|Any CPU
		Release|Any CPU = Release|Any CPU
	EndGlobalSection
	GlobalSection(ProjectConfigurationPlatforms) = postSolution
		{1CCFCCFA-814D-D929-1301-4D19BC77FF14}.Debug|Any CPU.ActiveCfg = Debug|Any CPU
		{1CCFCCFA-814D-D929-1301-4D19BC77FF14}.Debug|Any CPU.Build.0 = Debug|Any CPU
		{1CCFCCFA-814D-D929-1301-4D19BC77FF14}.Release|Any CPU.ActiveCfg = Release|Any CPU
		{1CCFCCFA-814D-D929-1301-4D19BC77FF14}.Release|Any CPU.Build.0 = Release|Any CPU
		{596D5995-C792-9641-E637-B3956E8D7F52}.Debug|Any CPU.ActiveCfg = Debug|Any CPU
		{596D5995-C792-9641-E637-B3956E8D7F52}.Debug|Any CPU.Build.0 = Debug|Any CPU
		{596D5995-C792-9641-E637-B3956E8D7F52}.Release|Any CPU.ActiveCfg = Release|Any CPU
		{596D5995-C792-9641-E637-B3956E8D7F52}.Release|Any CPU.Build.0 = Release|Any CPU
		{BC391EBE-3567-FECC-96C2-6B1A378045B8}.Debug|Any CPU.ActiveCfg = Debug|Any CPU
		{BC391EBE-3567-FECC-96C2-6B1A378045B8}.Debug|Any CPU.Build.0 = Debug|Any CPU
		{BC391EBE-3567-FECC-96C2-6B1A378045B8}.Release|Any CPU.ActiveCfg = Release|Any CPU
		{BC391EBE-3567-FECC-96C2-6B1A378045B8}.Release|Any CPU.Build.0 = Release|Any CPU
		{B74893CA-B1DA-CC58-D884-C4A639E3FD1E}.Debug|Any CPU.ActiveCfg = Debug|Any CPU
		{B74893CA-B1DA-CC58-D884-C4A639E3FD1E}.Debug|Any CPU.Build.0 = Debug|Any CPU
		{B74893CA-B1DA-CC58-D884-C4A639E3FD1E}.Release|Any CPU.ActiveCfg = Release|Any CPU
		{B74893CA-B1DA-CC58-D884-C4A639E3FD1E}.Release|Any CPU.Build.0 = Release|Any CPU
	EndGlobalSection
	GlobalSection(SolutionProperties) = preSolution
		HideSolutionNode = FALSE
	EndGlobalSection
EndGlobal
